{"filter":false,"title":"npm-shrinkwrap.json","tooltip":"/npm-shrinkwrap.json","undoManager":{"mark":-1,"position":-1,"stack":[]},"ace":{"folds":[],"scrolltop":2820,"scrollleft":0,"selection":{"start":{"row":0,"column":0},"end":{"row":0,"column":0},"isBackwards":false},"options":{"guessTabSize":true,"useWrapMode":false,"wrapToView":true},"firstLineState":{"row":111,"state":"start","mode":"ace/mode/json"}},"timestamp":1507058699902,"hash":"a446ae83e9c30a71a52c80a01e08aaa9cd37b00e"}